
Microsoft Visual Studio Solution File, Format Version 12.00
# Visual Studio Version 16
VisualStudioVersion = 16.0.810.6
MinimumVisualStudioVersion = 10.0.40219.1
Project("{FAE04EC0-301F-11D3-BF4B-00C04F79EFBC}") = "CalculatorApp", "CalculatorApp\CalculatorApp.csproj", "{2C572E66-E881-4A69-AD36-9684ECF04E2B}"
EndProject
Global
	GlobalSection(SolutionConfigurationPlatforms) = preSolution
		Debug|Any CPU = Debug|Any CPU
		Release|Any CPU = Release|Any CPU
	EndGlobalSection
	GlobalSection(ProjectConfigurationPlatforms) = postSolution
		{2C572E66-E881-4A69-AD36-9684ECF04E2B}.Debug|Any CPU.ActiveCfg = Debug|Any CPU
		{2C572E66-E881-4A69-AD36-9684ECF04E2B}.Debug|Any CPU.Build.0 = Debug|Any CPU
		{2C572E66-E881-4A69-AD36-9684ECF04E2B}.Release|Any CPU.ActiveCfg = Release|Any CPU
		{2C572E66-E881-4A69-AD36-9684ECF04E2B}.Release|Any CPU.Build.0 = Release|Any CPU
	EndGlobalSection
	GlobalSection(SolutionProperties) = preSolution
		HideSolutionNode = FALSE
	EndGlobalSection
	GlobalSection(ExtensibilityGlobals) = postSolution
		SolutionGuid = {B60303D4-0375-4130-821E-42E92C54C67C}
	EndGlobalSection
EndGlobal
